
Microsoft Visual Studio Solution File, Format Version 12.00
# Visual Studio 15
VisualStudioVersion = 15.0.26730.16
MinimumVisualStudioVersion = 10.0.40219.1
Project("{FAE04EC0-301F-11D3-BF4B-00C04F79EFBC}") = "среднее арифметическое", "среднее арифметическое\среднее арифметическое.csproj", "{32CBDD52-F320-4B6E-9BC1-EC5ABD7A3BD3}"
EndProject
Global
	GlobalSection(SolutionConfigurationPlatforms) = preSolution
		Debug|Any CPU = Debug|Any CPU
		Release|Any CPU = Release|Any CPU
	EndGlobalSection
	GlobalSection(ProjectConfigurationPlatforms) = postSolution
		{32CBDD52-F320-4B6E-9BC1-EC5ABD7A3BD3}.Debug|Any CPU.ActiveCfg = Debug|Any CPU
		{32CBDD52-F320-4B6E-9BC1-EC5ABD7A3BD3}.Debug|Any CPU.Build.0 = Debug|Any CPU
		{32CBDD52-F320-4B6E-9BC1-EC5ABD7A3BD3}.Release|Any CPU.ActiveCfg = Release|Any CPU
		{32CBDD52-F320-4B6E-9BC1-EC5ABD7A3BD3}.Release|Any CPU.Build.0 = Release|Any CPU
	EndGlobalSection
	GlobalSection(SolutionProperties) = preSolution
		HideSolutionNode = FALSE
	EndGlobalSection
	GlobalSection(ExtensibilityGlobals) = postSolution
		SolutionGuid = {22F8A4D1-C6E7-45C7-8A00-7D9F58D29B2B}
	EndGlobalSection
EndGlobal
